# This file was autogenerated by Stack.
# You should not edit this file by hand.
# For more information, please see the documentation at:
#   https://docs.haskellstack.org/en/stable/lock_files

packages:
- completed:
    subdir: lib/amazonka
    name: amazonka
    version: '2.0'
    git: https://github.com/brendanhay/amazonka.git
    pantry-tree:
      size: 1318
      sha256: 44fd392b7c986dd3417f70308741be397ca32b0d51f1ead3bc9d00505d5c8bcb
    commit: 098795f847df7239af64535c6b2b233f3fbd699c
  original:
    subdir: lib/amazonka
    git: https://github.com/brendanhay/amazonka.git
    commit: 098795f847df7239af64535c6b2b233f3fbd699c
- completed:
    subdir: lib/amazonka-core
    name: amazonka-core
    version: '2.0'
    git: https://github.com/brendanhay/amazonka.git
    pantry-tree:
      size: 3117
      sha256: 7aacb4d572894018c2ee64ec3fcfeae802ad61a6b04b4da04e7477b72af3ca2c
    commit: 098795f847df7239af64535c6b2b233f3fbd699c
  original:
    subdir: lib/amazonka-core
    git: https://github.com/brendanhay/amazonka.git
    commit: 098795f847df7239af64535c6b2b233f3fbd699c
- completed:
    subdir: lib/services/amazonka-sso
    name: amazonka-sso
    version: '2.0'
    git: https://github.com/brendanhay/amazonka.git
    pantry-tree:
      size: 1869
      sha256: 5e882f8bedf666575e03e26871f729c0a375b145395800a7bd80de85c14364cc
    commit: 098795f847df7239af64535c6b2b233f3fbd699c
  original:
    subdir: lib/services/amazonka-sso
    git: https://github.com/brendanhay/amazonka.git
    commit: 098795f847df7239af64535c6b2b233f3fbd699c
- completed:
    subdir: lib/services/amazonka-sts
    name: amazonka-sts
    version: '2.0'
    git: https://github.com/brendanhay/amazonka.git
    pantry-tree:
      size: 2932
      sha256: b3356be0b7999b0d4f0300b5f9bb61bb77090067e50140335210e817d30f9309
    commit: 098795f847df7239af64535c6b2b233f3fbd699c
  original:
    subdir: lib/services/amazonka-sts
    git: https://github.com/brendanhay/amazonka.git
    commit: 098795f847df7239af64535c6b2b233f3fbd699c
- completed:
    subdir: lib/services/amazonka-s3
    name: amazonka-s3
    version: '2.0'
    git: https://github.com/brendanhay/amazonka.git
    pantry-tree:
      size: 37929
      sha256: dae7759fe4c713a7932dcee0a993902fd9910c4a51e1655245a86892608af43e
    commit: 098795f847df7239af64535c6b2b233f3fbd699c
  original:
    subdir: lib/services/amazonka-s3
    git: https://github.com/brendanhay/amazonka.git
    commit: 098795f847df7239af64535c6b2b233f3fbd699c
- completed:
    subdir: lib/services/amazonka-sqs
    name: amazonka-sqs
    version: '2.0'
    git: https://github.com/brendanhay/amazonka.git
    pantry-tree:
      size: 6376
      sha256: a11d6696c894d6c2b10abf21b51b940d08a08d91a57cddfea87baf8501887510
    commit: 098795f847df7239af64535c6b2b233f3fbd699c
  original:
    subdir: lib/services/amazonka-sqs
    git: https://github.com/brendanhay/amazonka.git
    commit: 098795f847df7239af64535c6b2b233f3fbd699c
snapshots:
- completed:
    size: 619161
    url: https://raw.githubusercontent.com/commercialhaskell/stackage-snapshots/master/lts/19/17.yaml
    sha256: 7f47507fd037228a8d23cf830f5844e1f006221acebdd7cb49f2f5fb561e0546
  original:
    url: https://raw.githubusercontent.com/commercialhaskell/stackage-snapshots/master/lts/19/17.yaml
